{
  "name": "css-to-bem-file-structure",
  "version": "0.0.2",
  "lockfileVersion": 1,
  "requires": true,
  "dependencies": {
    "@bem/cell": {
      "version": "0.2.6",
      "resolved": "https://registry.npmjs.org/@bem/cell/-/cell-0.2.6.tgz",
      "integrity": "sha1-jTHQvFkG7nuWyyvdREPVoCclIRQ=",
      "requires": {
        "@bem/entity-name": "1.4.0",
        "depd": "1.1.0"
      },
      "dependencies": {
        "@bem/entity-name": {
          "version": "1.4.0",
          "resolved": "https://registry.npmjs.org/@bem/entity-name/-/entity-name-1.4.0.tgz",
          "integrity": "sha1-2YDNmfs5L3CU1egkAyPz2gNw5/M=",
          "requires": {
            "@bem/naming": "2.0.0-5"
          }
        },
        "@bem/naming": {
          "version": "2.0.0-5",
          "resolved": "https://registry.npmjs.org/@bem/naming/-/naming-2.0.0-5.tgz",
          "integrity": "sha1-ulDWrZc6curRIx0dzl7zKNeBj3Y=",
          "requires": {
            "@bem/entity-name": "1.3.1"
          },
          "dependencies": {
            "@bem/entity-name": {
              "version": "1.3.1",
              "resolved": "https://registry.npmjs.org/@bem/entity-name/-/entity-name-1.3.1.tgz",
              "integrity": "sha1-rl+yNPSbukV+MWPwa+jMW6hZBdo=",
              "requires": {
                "bem-naming": "1.0.1"
              }
            }
          }
        }
      }
    },
    "@bem/entity-name": {
      "version": "1.5.0",
      "resolved": "https://registry.npmjs.org/@bem/entity-name/-/entity-name-1.5.0.tgz",
      "integrity": "sha1-19wgGAwwPAt6ioAs+rcJCcNRmwo=",
      "requires": {
        "@bem/naming": "2.0.0-5",
        "depd": "1.1.0",
        "es6-error": "4.0.2"
      },
      "dependencies": {
        "@bem/naming": {
          "version": "2.0.0-5",
          "resolved": "https://registry.npmjs.org/@bem/naming/-/naming-2.0.0-5.tgz",
          "integrity": "sha1-ulDWrZc6curRIx0dzl7zKNeBj3Y=",
          "requires": {
            "@bem/entity-name": "1.3.1"
          },
          "dependencies": {
            "@bem/entity-name": {
              "version": "1.3.1",
              "resolved": "https://registry.npmjs.org/@bem/entity-name/-/entity-name-1.3.1.tgz",
              "integrity": "sha1-rl+yNPSbukV+MWPwa+jMW6hZBdo=",
              "requires": {
                "bem-naming": "1.0.1"
              }
            }
          }
        }
      }
    },
    "@bem/fs-scheme": {
      "version": "2.2.0",
      "resolved": "https://registry.npmjs.org/@bem/fs-scheme/-/fs-scheme-2.2.0.tgz",
      "integrity": "sha512-51u7dfzP0VPWOQc2SegcJZlvGWMDrFg1KsjaFd8xlDI2cudZKLgppY5eHA06XaZnknYM0unaFF3LQ3Uwp6KEKQ==",
      "requires": {
        "@bem/cell": "0.2.5",
        "@bem/naming": "2.0.0-6"
      },
      "dependencies": {
        "@bem/cell": {
          "version": "0.2.5",
          "resolved": "https://registry.npmjs.org/@bem/cell/-/cell-0.2.5.tgz",
          "integrity": "sha1-GD3vpFsLh/KvOwIdsM1O/ypJ09E=",
          "requires": {
            "@bem/entity-name": "1.3.1"
          }
        },
        "@bem/entity-name": {
          "version": "1.3.1",
          "resolved": "https://registry.npmjs.org/@bem/entity-name/-/entity-name-1.3.1.tgz",
          "integrity": "sha1-rl+yNPSbukV+MWPwa+jMW6hZBdo=",
          "requires": {
            "bem-naming": "1.0.1"
          }
        }
      }
    },
    "@bem/naming": {
      "version": "2.0.0-6",
      "resolved": "https://registry.npmjs.org/@bem/naming/-/naming-2.0.0-6.tgz",
      "integrity": "sha1-DCxh07yM2J+1uLxtwNv/wK6gVw4=",
      "requires": {
        "@bem/entity-name": "1.4.0"
      },
      "dependencies": {
        "@bem/entity-name": {
          "version": "1.4.0",
          "resolved": "https://registry.npmjs.org/@bem/entity-name/-/entity-name-1.4.0.tgz",
          "integrity": "sha1-2YDNmfs5L3CU1egkAyPz2gNw5/M=",
          "requires": {
            "@bem/naming": "2.0.0-5"
          },
          "dependencies": {
            "@bem/naming": {
              "version": "2.0.0-5",
              "resolved": "https://registry.npmjs.org/@bem/naming/-/naming-2.0.0-5.tgz",
              "integrity": "sha1-ulDWrZc6curRIx0dzl7zKNeBj3Y=",
              "requires": {
                "@bem/entity-name": "1.3.1"
              },
              "dependencies": {
                "@bem/entity-name": {
                  "version": "1.3.1",
                  "resolved": "https://registry.npmjs.org/@bem/entity-name/-/entity-name-1.3.1.tgz",
                  "integrity": "sha1-rl+yNPSbukV+MWPwa+jMW6hZBdo=",
                  "requires": {
                    "bem-naming": "1.0.1"
                  }
                }
              }
            }
          }
        }
      }
    },
    "@bem/sdk.config": {
      "version": "0.0.8",
      "resolved": "https://registry.npmjs.org/@bem/sdk.config/-/sdk.config-0.0.8.tgz",
      "integrity": "sha512-kYqNI9xRFp/JG30/wknk88+WnRElhVFTz2Xa5RbesOMxVIhC5kdjOhbCTzf7FxoK5ZYKs9ouU7AAQPKEThQ03w==",
      "requires": {
        "betterc": "^1.3.0",
        "glob": "^7.0.5",
        "is-glob": "^3.1.0",
        "lodash.clonedeep": "^4.5.0",
        "lodash.flatten": "^4.4.0",
        "lodash.isequal": "^4.5.0",
        "lodash.mergewith": "^4.6.0",
        "lodash.uniqwith": "^4.5.0",
        "pinkie-promise": "^2.0.1"
      }
    },
    "balanced-match": {
      "version": "1.0.0",
      "resolved": "https://registry.npmjs.org/balanced-match/-/balanced-match-1.0.0.tgz",
      "integrity": "sha1-ibTRmasr7kneFk6gK4nORi1xt2c="
    },
    "bem-naming": {
      "version": "1.0.1",
      "resolved": "https://registry.npmjs.org/bem-naming/-/bem-naming-1.0.1.tgz",
      "integrity": "sha1-15cjOcueWd0FWJqdH9G91059/Cw="
    },
    "bem-tools-create": {
      "version": "2.3.0",
      "resolved": "https://registry.npmjs.org/bem-tools-create/-/bem-tools-create-2.3.0.tgz",
      "integrity": "sha512-L+X/pNB7VuUBFVKQqT+IEWMM3+/7i9+yWLHZq8sKRG3Orgmfe3qAee7JCiobh3hf/Qh9felvPRaY60kX8tCdhg==",
      "requires": {
        "@bem/cell": "^0.2.5",
        "@bem/entity-name": "^1.3.2",
        "@bem/fs-scheme": "^2.1.1-0",
        "@bem/naming": "^2.0.0-5",
        "@bem/sdk.config": "0.0.8",
        "brace-expansion": "^1.1.6",
        "mkdirp": "^0.5.1",
        "pinkie-promise": "^2.0.1",
        "uniq": "^1.0.1"
      }
    },
    "betterc": {
      "version": "1.3.0",
      "resolved": "https://registry.npmjs.org/betterc/-/betterc-1.3.0.tgz",
      "integrity": "sha1-EfbTMwkg82g7GA9IGr8rPV/u2+E=",
      "requires": {
        "lodash": "^4.13.1",
        "minimist": "^1.2.0",
        "node-eval": "^1.0.2",
        "os-homedir": "^1.0.1",
        "pinkie-promise": "^2.0.1"
      }
    },
    "brace-expansion": {
      "version": "1.1.11",
      "resolved": "https://registry.npmjs.org/brace-expansion/-/brace-expansion-1.1.11.tgz",
      "integrity": "sha512-iCuPHDFgrHX7H2vEI/5xpz07zSHB00TpugqhmYtVmMO6518mCuRMoOYFldEBl0g187ufozdaHgWKcYFb61qGiA==",
      "requires": {
        "balanced-match": "^1.0.0",
        "concat-map": "0.0.1"
      }
    },
    "concat-map": {
      "version": "0.0.1",
      "resolved": "https://registry.npmjs.org/concat-map/-/concat-map-0.0.1.tgz",
      "integrity": "sha1-2Klr13/Wjfd5OnMDajug1UBdR3s="
    },
    "cssesc": {
      "version": "3.0.0",
      "resolved": "https://registry.npmjs.org/cssesc/-/cssesc-3.0.0.tgz",
      "integrity": "sha512-/Tb/JcjK111nNScGob5MNtsntNM1aCNUDipB/TkwZFhyDrrE47SOx/18wF2bbjgc3ZzCSKW1T5nt5EbFoAz/Vg=="
    },
    "depd": {
      "version": "1.1.0",
      "resolved": "https://registry.npmjs.org/depd/-/depd-1.1.0.tgz",
      "integrity": "sha1-4b2Cxqq2ztlluXuIsX7T5SjKGMM="
    },
    "es6-error": {
      "version": "4.0.2",
      "resolved": "https://registry.npmjs.org/es6-error/-/es6-error-4.0.2.tgz",
      "integrity": "sha1-7sXHJurO9Rt/a3PCDbbhsTsGnJg="
    },
    "fs.realpath": {
      "version": "1.0.0",
      "resolved": "https://registry.npmjs.org/fs.realpath/-/fs.realpath-1.0.0.tgz",
      "integrity": "sha1-FQStJSMVjKpA20onh8sBQRmU6k8="
    },
    "glob": {
      "version": "7.1.6",
      "resolved": "https://registry.npmjs.org/glob/-/glob-7.1.6.tgz",
      "integrity": "sha512-LwaxwyZ72Lk7vZINtNNrywX0ZuLyStrdDtabefZKAY5ZGJhVtgdznluResxNmPitE0SAO+O26sWTHeKSI2wMBA==",
      "requires": {
        "fs.realpath": "^1.0.0",
        "inflight": "^1.0.4",
        "inherits": "2",
        "minimatch": "^3.0.4",
        "once": "^1.3.0",
        "path-is-absolute": "^1.0.0"
      }
    },
    "inflight": {
      "version": "1.0.6",
      "resolved": "https://registry.npmjs.org/inflight/-/inflight-1.0.6.tgz",
      "integrity": "sha1-Sb1jMdfQLQwJvJEKEHW6gWW1bfk=",
      "requires": {
        "once": "^1.3.0",
        "wrappy": "1"
      }
    },
    "inherits": {
      "version": "2.0.4",
      "resolved": "https://registry.npmjs.org/inherits/-/inherits-2.0.4.tgz",
      "integrity": "sha512-k/vGaX4/Yla3WzyMCvTQOXYeIHvqOKtnqBduzTHpzpQZzAskKMhZ2K+EnBiSM9zGSoIFeMpXKxa4dYeZIQqewQ=="
    },
    "is-extglob": {
      "version": "2.1.1",
      "resolved": "https://registry.npmjs.org/is-extglob/-/is-extglob-2.1.1.tgz",
      "integrity": "sha1-qIwCU1eR8C7TfHahueqXc8gz+MI="
    },
    "is-glob": {
      "version": "3.1.0",
      "resolved": "https://registry.npmjs.org/is-glob/-/is-glob-3.1.0.tgz",
      "integrity": "sha1-e6WuJCF4BKxwcHuWkiVnSGzD6Eo=",
      "requires": {
        "is-extglob": "^2.1.0"
      }
    },
    "lodash": {
      "version": "4.17.21",
      "resolved": "https://registry.npmjs.org/lodash/-/lodash-4.17.21.tgz",
      "integrity": "sha512-v2kDEe57lecTulaDIuNTPy3Ry4gLGJ6Z1O3vE1krgXZNrsQ+LFTGHVxVjcXPs17LhbZVGedAJv8XZ1tvj5FvSg=="
    },
    "lodash.clonedeep": {
      "version": "4.5.0",
      "resolved": "https://registry.npmjs.org/lodash.clonedeep/-/lodash.clonedeep-4.5.0.tgz",
      "integrity": "sha1-4j8/nE+Pvd6HJSnBBxhXoIblzO8="
    },
    "lodash.flatten": {
      "version": "4.4.0",
      "resolved": "https://registry.npmjs.org/lodash.flatten/-/lodash.flatten-4.4.0.tgz",
      "integrity": "sha1-8xwiIlqWMtK7+OSt2+8kCqdlph8="
    },
    "lodash.isequal": {
      "version": "4.5.0",
      "resolved": "https://registry.npmjs.org/lodash.isequal/-/lodash.isequal-4.5.0.tgz",
      "integrity": "sha1-QVxEePK8wwEgwizhDtMib30+GOA="
    },
    "lodash.mergewith": {
      "version": "4.6.2",
      "resolved": "https://registry.npmjs.org/lodash.mergewith/-/lodash.mergewith-4.6.2.tgz",
      "integrity": "sha512-GK3g5RPZWTRSeLSpgP8Xhra+pnjBC56q9FZYe1d5RN3TJ35dbkGy3YqBSMbyCrlbi+CM9Z3Jk5yTL7RCsqboyQ=="
    },
    "lodash.uniqwith": {
      "version": "4.5.0",
      "resolved": "https://registry.npmjs.org/lodash.uniqwith/-/lodash.uniqwith-4.5.0.tgz",
      "integrity": "sha1-egy/ZfQ7WShiWp1NDcVLGMrcfvM="
    },
    "minimatch": {
      "version": "3.0.4",
      "resolved": "https://registry.npmjs.org/minimatch/-/minimatch-3.0.4.tgz",
      "integrity": "sha512-yJHVQEhyqPLUTgt9B83PXu6W3rx4MvvHvSUvToogpwoGDOUQ+yDrR0HRot+yOCdCO7u4hX3pWft6kWBBcqh0UA==",
      "requires": {
        "brace-expansion": "^1.1.7"
      }
    },
    "minimist": {
      "version": "1.2.5",
      "resolved": "https://registry.npmjs.org/minimist/-/minimist-1.2.5.tgz",
      "integrity": "sha512-FM9nNUYrRBAELZQT3xeZQ7fmMOBg6nWNmJKTcgsJeaLstP/UODVpGsr5OhXhhXg6f+qtJ8uiZ+PUxkDWcgIXLw=="
    },
    "mkdirp": {
      "version": "0.5.5",
      "resolved": "https://registry.npmjs.org/mkdirp/-/mkdirp-0.5.5.tgz",
      "integrity": "sha512-NKmAlESf6jMGym1++R0Ra7wvhV+wFW63FaSOFPwRahvea0gMUcGUhVeAg/0BC0wiv9ih5NYPB1Wn1UEI1/L+xQ==",
      "requires": {
        "minimist": "^1.2.5"
      }
    },
    "nanoid": {
      "version": "3.3.4",
      "resolved": "https://registry.npmjs.org/nanoid/-/nanoid-3.3.4.tgz",
      "integrity": "sha512-MqBkQh/OHTS2egovRtLk45wEyNXwF+cokD+1YPf9u5VfJiRdAiRwB2froX5Co9Rh20xs4siNPm8naNotSD6RBw=="
    },
    "node-eval": {
      "version": "1.1.1",
      "resolved": "https://registry.npmjs.org/node-eval/-/node-eval-1.1.1.tgz",
      "integrity": "sha512-bXlCTkee8GZCoULxbSpEXSPIu98paZDPTwNo4qk64HxfEs+RdlXzojFGpGhAxr7JyFiDGwTX6EFTDYMkIZiB+A==",
      "requires": {
        "path-is-absolute": "1.0.1"
      }
    },
    "once": {
      "version": "1.4.0",
      "resolved": "https://registry.npmjs.org/once/-/once-1.4.0.tgz",
      "integrity": "sha1-WDsap3WWHUsROsF9nFC6753Xa9E=",
      "requires": {
        "wrappy": "1"
      }
    },
    "os-homedir": {
      "version": "1.0.2",
      "resolved": "https://registry.npmjs.org/os-homedir/-/os-homedir-1.0.2.tgz",
      "integrity": "sha1-/7xJiDNuDoM94MFox+8VISGqf7M="
    },
    "path-is-absolute": {
      "version": "1.0.1",
      "resolved": "https://registry.npmjs.org/path-is-absolute/-/path-is-absolute-1.0.1.tgz",
      "integrity": "sha1-F0uSaHNVNP+8es5r9TpanhtcX18="
    },
    "picocolors": {
      "version": "1.0.0",
      "resolved": "https://registry.npmjs.org/picocolors/-/picocolors-1.0.0.tgz",
      "integrity": "sha512-1fygroTLlHu66zi26VoTDv8yRgm0Fccecssto+MhsZ0D/DGW2sm8E8AjW7NU5VVTRt5GxbeZ5qBuJr+HyLYkjQ=="
    },
    "pinkie": {
      "version": "2.0.4",
      "resolved": "https://registry.npmjs.org/pinkie/-/pinkie-2.0.4.tgz",
      "integrity": "sha1-clVrgM+g1IqXToDnckjoDtT3+HA="
    },
    "pinkie-promise": {
      "version": "2.0.1",
      "resolved": "https://registry.npmjs.org/pinkie-promise/-/pinkie-promise-2.0.1.tgz",
      "integrity": "sha1-ITXW36ejWMBprJsXh3YogihFD/o=",
      "requires": {
        "pinkie": "^2.0.0"
      }
    },
    "postcss": {
      "version": "8.4.21",
      "resolved": "https://registry.npmjs.org/postcss/-/postcss-8.4.21.tgz",
      "integrity": "sha512-tP7u/Sn/dVxK2NnruI4H9BG+x+Wxz6oeZ1cJ8P6G/PZY0IKk4k/63TDsQf2kQq3+qoJeLm2kIBUNlZe3zgb4Zg==",
      "requires": {
        "nanoid": "^3.3.4",
        "picocolors": "^1.0.0",
        "source-map-js": "^1.0.2"
      }
    },
    "postcss-selector-parser": {
      "version": "6.0.11",
      "resolved": "https://registry.npmjs.org/postcss-selector-parser/-/postcss-selector-parser-6.0.11.tgz",
      "integrity": "sha512-zbARubNdogI9j7WY4nQJBiNqQf3sLS3wCP4WfOidu+p28LofJqDH1tcXypGrcmMHhDk2t9wGhCsYe/+szLTy1g==",
      "requires": {
        "cssesc": "^3.0.0",
        "util-deprecate": "^1.0.2"
      }
    },
    "source-map-js": {
      "version": "1.0.2",
      "resolved": "https://registry.npmjs.org/source-map-js/-/source-map-js-1.0.2.tgz",
      "integrity": "sha512-R0XvVJ9WusLiqTCEiGCmICCMplcCkIwwR11mOSD9CR5u+IXYdiseeEuXCVAjS54zqwkLcPNnmU4OeJ6tUrWhDw=="
    },
    "uniq": {
      "version": "1.0.1",
      "resolved": "https://registry.npmjs.org/uniq/-/uniq-1.0.1.tgz",
      "integrity": "sha1-sxxa6CVIRKOoKBVBzisEuGWnNP8="
    },
    "util-deprecate": {
      "version": "1.0.2",
      "resolved": "https://registry.npmjs.org/util-deprecate/-/util-deprecate-1.0.2.tgz",
      "integrity": "sha512-EPD5q1uXyFxJpCrLnCc1nHnq3gOa6DZBocAIiI2TaSCA7VCJ1UJDMagCzIkXNsUYfD1daK//LTEQ8xiIbrHtcw=="
    },
    "wrappy": {
      "version": "1.0.2",
      "resolved": "https://registry.npmjs.org/wrappy/-/wrappy-1.0.2.tgz",
      "integrity": "sha1-tSQ9jz7BqjXxNkYFvA0QNuMKtp8="
    }
  }
}
